// !$*UTF8*$!
{
	archiveVersion = 1;
	classes = {
	};
	objectVersion = 77;
	objects = {

/* Begin PBXContainerItemProxy section */
		7AFC4A112DD116EE00DFECAC /* PBXContainerItemProxy */ = {
			isa = PBXContainerItemProxy;
			containerPortal = 7AFC49FB2DD116ED00DFECAC /* Project object */;
			proxyType = 1;
			remoteGlobalIDString = 7AFC4A022DD116ED00DFECAC;
			remoteInfo = "Health Tracker";
		};
		7AFC4A1B2DD116EE00DFECAC /* PBXContainerItemProxy */ = {
			isa = PBXContainerItemProxy;
			containerPortal = 7AFC49FB2DD116ED00DFECAC /* Project object */;
			proxyType = 1;
			remoteGlobalIDString = 7AFC4A022DD116ED00DFECAC;
			remoteInfo = "Health Tracker";
		};
/* End PBXContainerItemProxy section */

/* Begin PBXFileReference section */
		7AFC4A032DD116ED00DFECAC /* Health Tracker.app */ = {isa = PBXFileReference; explicitFileType = wrapper.application; includeInIndex = 0; path = "Health Tracker.app"; sourceTree = BUILT_PRODUCTS_DIR; };
		7AFC4A102DD116EE00DFECAC /* Health TrackerTests.xctest */ = {isa = PBXFileReference; explicitFileType = wrapper.cfbundle; includeInIndex = 0; path = "Health TrackerTests.xctest"; sourceTree = BUILT_PRODUCTS_DIR; };
		7AFC4A1A2DD116EE00DFECAC /* Health TrackerUITests.xctest */ = {isa = PBXFileReference; explicitFileType = wrapper.cfbundle; includeInIndex = 0; path = "Health TrackerUITests.xctest"; sourceTree = BUILT_PRODUCTS_DIR; };
/* End PBXFileReference section */

/* Begin PBXFileSystemSynchronizedRootGroup section */
		7AFC4A052DD116ED00DFECAC /* Health Tracker */ = {
			isa = PBXFileSystemSynchronizedRootGroup;
			path = "Health Tracker";
			sourceTree = "<group>";
		};
		7AFC4A132DD116EE00DFECAC /* Health TrackerTests */ = {
			isa = PBXFileSystemSynchronizedRootGroup;
			path = "Health TrackerTests";
			sourceTree = "<group>";
		};
		7AFC4A1D2DD116EE00DFECAC /* Health TrackerUITests */ = {
			isa = PBXFileSystemSynchronizedRootGroup;
			path = "Health TrackerUITests";
			sourceTree = "<group>";
		};
/* End PBXFileSystemSynchronizedRootGroup section */

/* Begin PBXFrameworksBuildPhase section */
		7AFC4A002DD116ED00DFECAC /* Frameworks */ = {
			isa = PBXFrameworksBuildPhase;
			buildActionMask = 2147483647;
			files = (
			);
			runOnlyForDeploymentPostprocessing = 0;
		};
		7AFC4A0D2DD116EE00DFECAC /* Frameworks */ = {
			isa = PBXFrameworksBuildPhase;
			buildActionMask = 2147483647;
			files = (
			);
			runOnlyForDeploymentPostprocessing = 0;
		};
		7AFC4A172DD116EE00DFECAC /* Frameworks */ = {
			isa = PBXFrameworksBuildPhase;
			buildActionMask = 2147483647;
			files = (
			);
			runOnlyForDeploymentPostprocessing = 0;
		};
/* End PBXFrameworksBuildPhase section */

/* Begin PBXGroup section */
		7AFC49FA2DD116ED00DFECAC = {
			isa = PBXGroup;
			children = (
				7AFC4A052DD116ED00DFECAC /* Health Tracker */,
				7AFC4A132DD116EE00DFECAC /* Health TrackerTests */,
				7AFC4A1D2DD116EE00DFECAC /* Health TrackerUITests */,
				7AFC4A042DD116ED00DFECAC /* Products */,
			);
			sourceTree = "<group>";
		};
		7AFC4A042DD116ED00DFECAC /* Products */ = {
			isa = PBXGroup;
			children = (
				7AFC4A032DD116ED00DFECAC /* Health Tracker.app */,
				7AFC4A102DD116EE00DFECAC /* Health TrackerTests.xctest */,
				7AFC4A1A2DD116EE00DFECAC /* Health TrackerUITests.xctest */,
			);
			name = Products;
			sourceTree = "<group>";
		};
/* End PBXGroup section */

/* Begin PBXNativeTarget section */
		7AFC4A022DD116ED00DFECAC /* Health Tracker */ = {
			isa = PBXNativeTarget;
			buildConfigurationList = 7AFC4A242DD116EE00DFECAC /* Build configuration list for PBXNativeTarget "Health Tracker" */;
			buildPhases = (
				7AFC49FF2DD116ED00DFECAC /* Sources */,
				7AFC4A002DD116ED00DFECAC /* Frameworks */,
				7AFC4A012DD116ED00DFECAC /* Resources */,
			);
			buildRules = (
			);
			dependencies = (
			);
			fileSystemSynchronizedGroups = (
				7AFC4A052DD116ED00DFECAC /* Health Tracker */,
			);
			name = "Health Tracker";
			packageProductDependencies = (
			);
			productName = "Health Tracker";
			productReference = 7AFC4A032DD116ED00DFECAC /* Health Tracker.app */;
			productType = "com.apple.product-type.application";
		};
		7AFC4A0F2DD116EE00DFECAC /* Health TrackerTests */ = {
			isa = PBXNativeTarget;
			buildConfigurationList = 7AFC4A272DD116EE00DFECAC /* Build configuration list for PBXNativeTarget "Health TrackerTests" */;
			buildPhases = (
				7AFC4A0C2DD116EE00DFECAC /* Sources */,
				7AFC4A0D2DD116EE00DFECAC /* Frameworks */,
				7AFC4A0E2DD116EE00DFECAC /* Resources */,
			);
			buildRules = (
			);
			dependencies = (
				7AFC4A122DD116EE00DFECAC /* PBXTargetDependency */,
			);
			fileSystemSynchronizedGroups = (
				7AFC4A132DD116EE00DFECAC /* Health TrackerTests */,
			);
			name = "Health TrackerTests";
			packageProductDependencies = (
			);
			productName = "Health TrackerTests";
			productReference = 7AFC4A102DD116EE00DFECAC /* Health TrackerTests.xctest */;
			productType = "com.apple.product-type.bundle.unit-test";
		};
		7AFC4A192DD116EE00DFECAC /* Health TrackerUITests */ = {
			isa = PBXNativeTarget;
			buildConfigurationList = 7AFC4A2A2DD116EE00DFECAC /* Build configuration list for PBXNativeTarget "Health TrackerUITests" */;
			buildPhases = (
				7AFC4A162DD116EE00DFECAC /* Sources */,
				7AFC4A172DD116EE00DFECAC /* Frameworks */,
				7AFC4A182DD116EE00DFECAC /* Resources */,
			);
			buildRules = (
			);
			dependencies = (
				7AFC4A1C2DD116EE00DFECAC /* PBXTargetDependency */,
			);
			fileSystemSynchronizedGroups = (
				7AFC4A1D2DD116EE00DFECAC /* Health TrackerUITests */,
			);
			name = "Health TrackerUITests";
			packageProductDependencies = (
			);
			productName = "Health TrackerUITests";
			productReference = 7AFC4A1A2DD116EE00DFECAC /* Health TrackerUITests.xctest */;
			productType = "com.apple.product-type.bundle.ui-testing";
		};
/* End PBXNativeTarget section */

/* Begin PBXProject section */
		7AFC49FB2DD116ED00DFECAC /* Project object */ = {
			isa = PBXProject;
			attributes = {
				BuildIndependentTargetsInParallel = 1;
				LastSwiftUpdateCheck = 1630;
				LastUpgradeCheck = 1630;
				TargetAttributes = {
					7AFC4A022DD116ED00DFECAC = {
						CreatedOnToolsVersion = 16.3;
					};
					7AFC4A0F2DD116EE00DFECAC = {
						CreatedOnToolsVersion = 16.3;
						TestTargetID = 7AFC4A022DD116ED00DFECAC;
					};
					7AFC4A192DD116EE00DFECAC = {
						CreatedOnToolsVersion = 16.3;
						TestTargetID = 7AFC4A022DD116ED00DFECAC;
					};
				};
			};
			buildConfigurationList = 7AFC49FE2DD116ED00DFECAC /* Build configuration list for PBXProject "Health Tracker" */;
			developmentRegion = en;
			hasScannedForEncodings = 0;
			knownRegions = (
				en,
				Base,
			);
			mainGroup = 7AFC49FA2DD116ED00DFECAC;
			minimizedProjectReferenceProxies = 1;
			preferredProjectObjectVersion = 77;
			productRefGroup = 7AFC4A042DD116ED00DFECAC /* Products */;
			projectDirPath = "";
			projectRoot = "";
			targets = (
				7AFC4A022DD116ED00DFECAC /* Health Tracker */,
				7AFC4A0F2DD116EE00DFECAC /* Health TrackerTests */,
				7AFC4A192DD116EE00DFECAC /* Health TrackerUITests */,
			);
		};
/* End PBXProject section */

/* Begin PBXResourcesBuildPhase section */
		7AFC4A012DD116ED00DFECAC /* Resources */ = {
			isa = PBXResourcesBuildPhase;
			buildActionMask = 2147483647;
			files = (
			);
			runOnlyForDeploymentPostprocessing = 0;
		};
		7AFC4A0E2DD116EE00DFECAC /* Resources */ = {
			isa = PBXResourcesBuildPhase;
			buildActionMask = 2147483647;
			files = (
			);
			runOnlyForDeploymentPostprocessing = 0;
		};
		7AFC4A182DD116EE00DFECAC /* Resources */ = {
			isa = PBXResourcesBuildPhase;
			buildActionMask = 2147483647;
			files = (
			);
			runOnlyForDeploymentPostprocessing = 0;
		};
/* End PBXResourcesBuildPhase section */

/* Begin PBXSourcesBuildPhase section */
		7AFC49FF2DD116ED00DFECAC /* Sources */ = {
			isa = PBXSourcesBuildPhase;
			buildActionMask = 2147483647;
			files = (
			);
			runOnlyForDeploymentPostprocessing = 0;
		};
		7AFC4A0C2DD116EE00DFECAC /* Sources */ = {
			isa = PBXSourcesBuildPhase;
			buildActionMask = 2147483647;
			files = (
			);
			runOnlyForDeploymentPostprocessing = 0;
		};
		7AFC4A162DD116EE00DFECAC /* Sources */ = {
			isa = PBXSourcesBuildPhase;
			buildActionMask = 2147483647;
			files = (
			);
			runOnlyForDeploymentPostprocessing = 0;
		};
/* End PBXSourcesBuildPhase section */

/* Begin PBXTargetDependency section */
		7AFC4A122DD116EE00DFECAC /* PBXTargetDependency */ = {
			isa = PBXTargetDependency;
			target = 7AFC4A022DD116ED00DFECAC /* Health Tracker */;
			targetProxy = 7AFC4A112DD116EE00DFECAC /* PBXContainerItemProxy */;
		};
		7AFC4A1C2DD116EE00DFECAC /* PBXTargetDependency */ = {
			isa = PBXTargetDependency;
			target = 7AFC4A022DD116ED00DFECAC /* Health Tracker */;
			targetProxy = 7AFC4A1B2DD116EE00DFECAC /* PBXContainerItemProxy */;
		};
/* End PBXTargetDependency section */

/* Begin XCBuildConfiguration section */
		7AFC4A222DD116EE00DFECAC /* Debug */ = {
			isa = XCBuildConfiguration;
			buildSettings = {
				ALWAYS_SEARCH_USER_PATHS = NO;
				ASSETCATALOG_COMPILER_GENERATE_SWIFT_ASSET_SYMBOL_EXTENSIONS = YES;
				CLANG_ANALYZER_NONNULL = YES;
				CLANG_ANALYZER_NUMBER_OBJECT_CONVERSION = YES_AGGRESSIVE;
				CLANG_CXX_LANGUAGE_STANDARD = "gnu++20";
				CLANG_ENABLE_MODULES = YES;
				CLANG_ENABLE_OBJC_ARC = YES;
				CLANG_ENABLE_OBJC_WEAK = YES;
				CLANG_WARN_BLOCK_CAPTURE_AUTORELEASING = YES;
				CLANG_WARN_BOOL_CONVERSION = YES;
				CLANG_WARN_COMMA = YES;
				CLANG_WARN_CONSTANT_CONVERSION = YES;
				CLANG_WARN_DEPRECATED_OBJC_IMPLEMENTATIONS = YES;
				CLANG_WARN_DIRECT_OBJC_ISA_USAGE = YES_ERROR;
				CLANG_WARN_DOCUMENTATION_COMMENTS = YES;
				CLANG_WARN_EMPTY_BODY = YES;
				CLANG_WARN_ENUM_CONVERSION = YES;
				CLANG_WARN_INFINITE_RECURSION = YES;
				CLANG_WARN_INT_CONVERSION = YES;
				CLANG_WARN_NON_LITERAL_NULL_CONVERSION = YES;
				CLANG_WARN_OBJC_IMPLICIT_RETAIN_SELF = YES;
				CLANG_WARN_OBJC_LITERAL_CONVERSION = YES;
				CLANG_WARN_OBJC_ROOT_CLASS = YES_ERROR;
				CLANG_WARN_QUOTED_INCLUDE_IN_FRAMEWORK_HEADER = YES;
				CLANG_WARN_RANGE_LOOP_ANALYSIS = YES;
				CLANG_WARN_STRICT_PROTOTYPES = YES;
				CLANG_WARN_SUSPICIOUS_MOVE = YES;
				CLANG_WARN_UNGUARDED_AVAILABILITY = YES_AGGRESSIVE;
				CLANG_WARN_UNREACHABLE_CODE = YES;
				CLANG_WARN__DUPLICATE_METHOD_MATCH = YES;
				COPY_PHASE_STRIP = NO;
				DEBUG_INFORMATION_FORMAT = dwarf;
				ENABLE_STRICT_OBJC_MSGSEND = YES;
				ENABLE_TESTABILITY = YES;
				ENABLE_USER_SCRIPT_SANDBOXING = YES;
				GCC_C_LANGUAGE_STANDARD = gnu17;
				GCC_DYNAMIC_NO_PIC = NO;
				GCC_NO_COMMON_BLOCKS = YES;
				GCC_OPTIMIZATION_LEVEL = 0;
				GCC_PREPROCESSOR_DEFINITIONS = (
					"DEBUG=1",
					"$(inherited)",
				);
				GCC_WARN_64_TO_32_BIT_CONVERSION = YES;
				GCC_WARN_ABOUT_RETURN_TYPE = YES_ERROR;
				GCC_WARN_UNDECLARED_SELECTOR = YES;
				GCC_WARN_UNINITIALIZED_AUTOS = YES_AGGRESSIVE;
				GCC_WARN_UNUSED_FUNCTION = YES;
				GCC_WARN_UNUSED_VARIABLE = YES;
				IPHONEOS_DEPLOYMENT_TARGET = 18.4;
				LOCALIZATION_PREFERS_STRING_CATALOGS = YES;
				MTL_ENABLE_DEBUG_INFO = INCLUDE_SOURCE;
				MTL_FAST_MATH = YES;
				ONLY_ACTIVE_ARCH = YES;
				SDKROOT = iphoneos;
				SWIFT_ACTIVE_COMPILATION_CONDITIONS = "DEBUG $(inherited)";
				SWIFT_OPTIMIZATION_LEVEL = "-Onone";
			};
			name = Debug;
		};
		7AFC4A232DD116EE00DFECAC /* Release */ = {
			isa = XCBuildConfiguration;
			buildSettings = {
				ALWAYS_SEARCH_USER_PATHS = NO;
				ASSETCATALOG_COMPILER_GENERATE_SWIFT_ASSET_SYMBOL_EXTENSIONS = YES;
				CLANG_ANALYZER_NONNULL = YES;
				CLANG_ANALYZER_NUMBER_OBJECT_CONVERSION = YES_AGGRESSIVE;
				CLANG_CXX_LANGUAGE_STANDARD = "gnu++20";
				CLANG_ENABLE_MODULES = YES;
				CLANG_ENABLE_OBJC_ARC = YES;
				CLANG_ENABLE_OBJC_WEAK = YES;
				CLANG_WARN_BLOCK_CAPTURE_AUTORELEASING = YES;
				CLANG_WARN_BOOL_CONVERSION = YES;
				CLANG_WARN_COMMA = YES;
				CLANG_WARN_CONSTANT_CONVERSION = YES;
				CLANG_WARN_DEPRECATED_OBJC_IMPLEMENTATIONS = YES;
				CLANG_WARN_DIRECT_OBJC_ISA_USAGE = YES_ERROR;
				CLANG_WARN_DOCUMENTATION_COMMENTS = YES;
				CLANG_WARN_EMPTY_BODY = YES;
				CLANG_WARN_ENUM_CONVERSION = YES;
				CLANG_WARN_INFINITE_RECURSION = YES;
				CLANG_WARN_INT_CONVERSION = YES;
				CLANG_WARN_NON_LITERAL_NULL_CONVERSION = YES;
				CLANG_WARN_OBJC_IMPLICIT_RETAIN_SELF = YES;
				CLANG_WARN_OBJC_LITERAL_CONVERSION = YES;
				CLANG_WARN_OBJC_ROOT_CLASS = YES_ERROR;
				CLANG_WARN_QUOTED_INCLUDE_IN_FRAMEWORK_HEADER = YES;
				CLANG_WARN_RANGE_LOOP_ANALYSIS = YES;
				CLANG_WARN_STRICT_PROTOTYPES = YES;
				CLANG_WARN_SUSPICIOUS_MOVE = YES;
				CLANG_WARN_UNGUARDED_AVAILABILITY = YES_AGGRESSIVE;
				CLANG_WARN_UNREACHABLE_CODE = YES;
				CLANG_WARN__DUPLICATE_METHOD_MATCH = YES;
				COPY_PHASE_STRIP = NO;
				DEBUG_INFORMATION_FORMAT = "dwarf-with-dsym";
				ENABLE_NS_ASSERTIONS = NO;
				ENABLE_STRICT_OBJC_MSGSEND = YES;
				ENABLE_USER_SCRIPT_SANDBOXING = YES;
				GCC_C_LANGUAGE_STANDARD = gnu17;
				GCC_NO_COMMON_BLOCKS = YES;
				GCC_WARN_64_TO_32_BIT_CONVERSION = YES;
				GCC_WARN_ABOUT_RETURN_TYPE = YES_ERROR;
				GCC_WARN_UNDECLARED_SELECTOR = YES;
				GCC_WARN_UNINITIALIZED_AUTOS = YES_AGGRESSIVE;
				GCC_WARN_UNUSED_FUNCTION = YES;
				GCC_WARN_UNUSED_VARIABLE = YES;
				IPHONEOS_DEPLOYMENT_TARGET = 18.4;
				LOCALIZATION_PREFERS_STRING_CATALOGS = YES;
				MTL_ENABLE_DEBUG_INFO = NO;
				MTL_FAST_MATH = YES;
				SDKROOT = iphoneos;
				SWIFT_COMPILATION_MODE = wholemodule;
				VALIDATE_PRODUCT = YES;
			};
			name = Release;
		};
		7AFC4A252DD116EE00DFECAC /* Debug */ = {
			isa = XCBuildConfiguration;
			buildSettings = {
				ASSETCATALOG_COMPILER_APPICON_NAME = AppIcon;
				ASSETCATALOG_COMPILER_GLOBAL_ACCENT_COLOR_NAME = AccentColor;
				CODE_SIGN_STYLE = Automatic;
				CURRENT_PROJECT_VERSION = 1;
				ENABLE_PREVIEWS = YES;
				GENERATE_INFOPLIST_FILE = YES;
				INFOPLIST_KEY_UIApplicationSceneManifest_Generation = YES;
				INFOPLIST_KEY_UIApplicationSupportsIndirectInputEvents = YES;
				INFOPLIST_KEY_UILaunchScreen_Generation = YES;
				INFOPLIST_KEY_UISupportedInterfaceOrientations_iPad = "UIInterfaceOrientationPortrait UIInterfaceOrientationPortraitUpsideDown UIInterfaceOrientationLandscapeLeft UIInterfaceOrientationLandscapeRight";
				INFOPLIST_KEY_UISupportedInterfaceOrientations_iPhone = "UIInterfaceOrientationPortrait UIInterfaceOrientationLandscapeLeft UIInterfaceOrientationLandscapeRight";
				LD_RUNPATH_SEARCH_PATHS = (
					"$(inherited)",
					"@executable_path/Frameworks",
				);
				MARKETING_VERSION = 1.0;
				PRODUCT_BUNDLE_IDENTIFIER = "sedcash.Health-Tracker";
				PRODUCT_NAME = "$(TARGET_NAME)";
				SWIFT_EMIT_LOC_STRINGS = YES;
				SWIFT_VERSION = 5.0;
				TARGETED_DEVICE_FAMILY = "1,2";
			};
			name = Debug;
		};
		7AFC4A262DD116EE00DFECAC /* Release */ = {
			isa = XCBuildConfiguration;
			buildSettings = {
				ASSETCATALOG_COMPILER_APPICON_NAME = AppIcon;
				ASSETCATALOG_COMPILER_GLOBAL_ACCENT_COLOR_NAME = AccentColor;
				CODE_SIGN_STYLE = Automatic;
				CURRENT_PROJECT_VERSION = 1;
				ENABLE_PREVIEWS = YES;
				GENERATE_INFOPLIST_FILE = YES;
				INFOPLIST_KEY_UIApplicationSceneManifest_Generation = YES;
				INFOPLIST_KEY_UIApplicationSupportsIndirectInputEvents = YES;
				INFOPLIST_KEY_UILaunchScreen_Generation = YES;
				INFOPLIST_KEY_UISupportedInterfaceOrientations_iPad = "UIInterfaceOrientationPortrait UIInterfaceOrientationPortraitUpsideDown UIInterfaceOrientationLandscapeLeft UIInterfaceOrientationLandscapeRight";
				INFOPLIST_KEY_UISupportedInterfaceOrientations_iPhone = "UIInterfaceOrientationPortrait UIInterfaceOrientationLandscapeLeft UIInterfaceOrientationLandscapeRight";
				LD_RUNPATH_SEARCH_PATHS = (
					"$(inherited)",
					"@executable_path/Frameworks",
				);
				MARKETING_VERSION = 1.0;
				PRODUCT_BUNDLE_IDENTIFIER = "sedcash.Health-Tracker";
				PRODUCT_NAME = "$(TARGET_NAME)";
				SWIFT_EMIT_LOC_STRINGS = YES;
				SWIFT_VERSION = 5.0;
				TARGETED_DEVICE_FAMILY = "1,2";
			};
			name = Release;
		};
		7AFC4A282DD116EE00DFECAC /* Debug */ = {
			isa = XCBuildConfiguration;
			buildSettings = {
				BUNDLE_LOADER = "$(TEST_HOST)";
				CODE_SIGN_STYLE = Automatic;
				CURRENT_PROJECT_VERSION = 1;
				GENERATE_INFOPLIST_FILE = YES;
				IPHONEOS_DEPLOYMENT_TARGET = 18.4;
				MARKETING_VERSION = 1.0;
				PRODUCT_BUNDLE_IDENTIFIER = "sedcash.Health-TrackerTests";
				PRODUCT_NAME = "$(TARGET_NAME)";
				SWIFT_EMIT_LOC_STRINGS = NO;
				SWIFT_VERSION = 5.0;
				TARGETED_DEVICE_FAMILY = "1,2";
				TEST_HOST = "$(BUILT_PRODUCTS_DIR)/Health Tracker.app/$(BUNDLE_EXECUTABLE_FOLDER_PATH)/Health Tracker";
			};
			name = Debug;
		};
		7AFC4A292DD116EE00DFECAC /* Release */ = {
			isa = XCBuildConfiguration;
			buildSettings = {
				BUNDLE_LOADER = "$(TEST_HOST)";
				CODE_SIGN_STYLE = Automatic;
				CURRENT_PROJECT_VERSION = 1;
				GENERATE_INFOPLIST_FILE = YES;
				IPHONEOS_DEPLOYMENT_TARGET = 18.4;
				MARKETING_VERSION = 1.0;
				PRODUCT_BUNDLE_IDENTIFIER = "sedcash.Health-TrackerTests";
				PRODUCT_NAME = "$(TARGET_NAME)";
				SWIFT_EMIT_LOC_STRINGS = NO;
				SWIFT_VERSION = 5.0;
				TARGETED_DEVICE_FAMILY = "1,2";
				TEST_HOST = "$(BUILT_PRODUCTS_DIR)/Health Tracker.app/$(BUNDLE_EXECUTABLE_FOLDER_PATH)/Health Tracker";
			};
			name = Release;
		};
		7AFC4A2B2DD116EE00DFECAC /* Debug */ = {
			isa = XCBuildConfiguration;
			buildSettings = {
				CODE_SIGN_STYLE = Automatic;
				CURRENT_PROJECT_VERSION = 1;
				GENERATE_INFOPLIST_FILE = YES;
				MARKETING_VERSION = 1.0;
				PRODUCT_BUNDLE_IDENTIFIER = "sedcash.Health-TrackerUITests";
				PRODUCT_NAME = "$(TARGET_NAME)";
				SWIFT_EMIT_LOC_STRINGS = NO;
				SWIFT_VERSION = 5.0;
				TARGETED_DEVICE_FAMILY = "1,2";
				TEST_TARGET_NAME = "Health Tracker";
			};
			name = Debug;
		};
		7AFC4A2C2DD116EE00DFECAC /* Release */ = {
			isa = XCBuildConfiguration;
			buildSettings = {
				CODE_SIGN_STYLE = Automatic;
				CURRENT_PROJECT_VERSION = 1;
				GENERATE_INFOPLIST_FILE = YES;
				MARKETING_VERSION = 1.0;
				PRODUCT_BUNDLE_IDENTIFIER = "sedcash.Health-TrackerUITests";
				PRODUCT_NAME = "$(TARGET_NAME)";
				SWIFT_EMIT_LOC_STRINGS = NO;
				SWIFT_VERSION = 5.0;
				TARGETED_DEVICE_FAMILY = "1,2";
				TEST_TARGET_NAME = "Health Tracker";
			};
			name = Release;
		};
/* End XCBuildConfiguration section */

/* Begin XCConfigurationList section */
		7AFC49FE2DD116ED00DFECAC /* Build configuration list for PBXProject "Health Tracker" */ = {
			isa = XCConfigurationList;
			buildConfigurations = (
				7AFC4A222DD116EE00DFECAC /* Debug */,
				7AFC4A232DD116EE00DFECAC /* Release */,
			);
			defaultConfigurationIsVisible = 0;
			defaultConfigurationName = Release;
		};
		7AFC4A242DD116EE00DFECAC /* Build configuration list for PBXNativeTarget "Health Tracker" */ = {
			isa = XCConfigurationList;
			buildConfigurations = (
				7AFC4A252DD116EE00DFECAC /* Debug */,
				7AFC4A262DD116EE00DFECAC /* Release */,
			);
			defaultConfigurationIsVisible = 0;
			defaultConfigurationName = Release;
		};
		7AFC4A272DD116EE00DFECAC /* Build configuration list for PBXNativeTarget "Health TrackerTests" */ = {
			isa = XCConfigurationList;
			buildConfigurations = (
				7AFC4A282DD116EE00DFECAC /* Debug */,
				7AFC4A292DD116EE00DFECAC /* Release */,
			);
			defaultConfigurationIsVisible = 0;
			defaultConfigurationName = Release;
		};
		7AFC4A2A2DD116EE00DFECAC /* Build configuration list for PBXNativeTarget "Health TrackerUITests" */ = {
			isa = XCConfigurationList;
			buildConfigurations = (
				7AFC4A2B2DD116EE00DFECAC /* Debug */,
				7AFC4A2C2DD116EE00DFECAC /* Release */,
			);
			defaultConfigurationIsVisible = 0;
			defaultConfigurationName = Release;
		};
/* End XCConfigurationList section */
	};
	rootObject = 7AFC49FB2DD116ED00DFECAC /* Project object */;
}
